{
    "version": 3,
    "terraform_version": "0.11.7",
    "serial": 149,
    "lineage": "53ae60d6-1a25-8028-9770-aa300fd5de6f",
    "modules": [
        {
            "path": [
                "root"
            ],
            "outputs": {
                "vm_dns_name": {
                    "sensitive": false,
                    "type": "list",
                    "value": [
                        "dev02mongo0.canadacentral.cloudapp.azure.com"
                    ]
                },
                "vm_pass": {
                    "sensitive": false,
                    "type": "string",
                    "value": "Passwordqwerty1234"
                },
                "vm_public_ip": {
                    "sensitive": false,
                    "type": "list",
                    "value": [
                        "13.71.185.86"
                    ]
                },
                "vm_user": {
                    "sensitive": false,
                    "type": "string",
                    "value": "mongoadmin"
                }
            },
            "resources": {
                "azurerm_availability_set.az_cace_dev02mo01_avset01": {
                    "type": "azurerm_availability_set",
                    "depends_on": [
                        "azurerm_resource_group.az_cace_dev02mo01_resourcegroup01"
                    ],
                    "primary": {
                        "id": "/subscriptions/98da811d-4357-43ca-b15b-44da8fa911dc/resourceGroups/az_cace_dev02mo01_resourcegroup01/providers/Microsoft.Compute/availabilitySets/az_cace_dev02mo01_avset01",
                        "attributes": {
                            "id": "/subscriptions/98da811d-4357-43ca-b15b-44da8fa911dc/resourceGroups/az_cace_dev02mo01_resourcegroup01/providers/Microsoft.Compute/availabilitySets/az_cace_dev02mo01_avset01",
                            "location": "canadacentral",
                            "managed": "true",
                            "name": "az_cace_dev02mo01_avset01",
                            "platform_fault_domain_count": "2",
                            "platform_update_domain_count": "6",
                            "resource_group_name": "az_cace_dev02mo01_resourcegroup01",
                            "tags.%": "0"
                        },
                        "meta": {},
                        "tainted": false
                    },
                    "deposed": [],
                    "provider": "provider.azurerm"
                },
                "azurerm_network_interface.az_cace_dev02mo01_networkinterface": {
                    "type": "azurerm_network_interface",
                    "depends_on": [
                        "azurerm_network_security_group.az_cace_dev02mo01_networksecuritygroup01",
                        "azurerm_public_ip.az_cace_dev02mo01_publicip.*",
                        "azurerm_resource_group.az_cace_dev02mo01_resourcegroup01",
                        "azurerm_subnet.az_cace_dev02mo01_subnet01"
                    ],
                    "primary": {
                        "id": "/subscriptions/98da811d-4357-43ca-b15b-44da8fa911dc/resourceGroups/az_cace_dev02mo01_resourcegroup01/providers/Microsoft.Network/networkInterfaces/az_cace_dev02mo01_networkinterface.0",
                        "attributes": {
                            "applied_dns_servers.#": "0",
                            "dns_servers.#": "0",
                            "enable_accelerated_networking": "false",
                            "enable_ip_forwarding": "false",
                            "id": "/subscriptions/98da811d-4357-43ca-b15b-44da8fa911dc/resourceGroups/az_cace_dev02mo01_resourcegroup01/providers/Microsoft.Network/networkInterfaces/az_cace_dev02mo01_networkinterface.0",
                            "internal_dns_name_label": "",
                            "internal_fqdn": "",
                            "ip_configuration.#": "1",
                            "ip_configuration.0.application_gateway_backend_address_pools_ids.#": "0",
                            "ip_configuration.0.application_security_group_ids.#": "0",
                            "ip_configuration.0.load_balancer_backend_address_pools_ids.#": "0",
                            "ip_configuration.0.load_balancer_inbound_nat_rules_ids.#": "0",
                            "ip_configuration.0.name": "az_cace_dev02mo01_networkinterface_ipconfig",
                            "ip_configuration.0.primary": "true",
                            "ip_configuration.0.private_ip_address": "",
                            "ip_configuration.0.private_ip_address_allocation": "dynamic",
                            "ip_configuration.0.public_ip_address_id": "/subscriptions/98da811d-4357-43ca-b15b-44da8fa911dc/resourceGroups/az_cace_dev02mo01_resourcegroup01/providers/Microsoft.Network/publicIPAddresses/az_cace_dev02mo01_publicip.0",
                            "ip_configuration.0.subnet_id": "/subscriptions/98da811d-4357-43ca-b15b-44da8fa911dc/resourceGroups/az_cace_dev02mo01_resourcegroup01/providers/Microsoft.Network/virtualNetworks/az_cace_dev02mo01_virtualnetwork01/subnets/az_cace_dev02mo01_subnet01",
                            "location": "canadacentral",
                            "mac_address": "",
                            "name": "az_cace_dev02mo01_networkinterface.0",
                            "network_security_group_id": "/subscriptions/98da811d-4357-43ca-b15b-44da8fa911dc/resourceGroups/az_cace_dev02mo01_resourcegroup01/providers/Microsoft.Network/networkSecurityGroups/az_cace_dev02mo01_networksecuritygroup01",
                            "private_ip_address": "10.0.1.4",
                            "private_ip_addresses.#": "1",
                            "private_ip_addresses.0": "10.0.1.4",
                            "resource_group_name": "az_cace_dev02mo01_resourcegroup01",
                            "tags.%": "0"
                        },
                        "meta": {},
                        "tainted": false
                    },
                    "deposed": [],
                    "provider": "provider.azurerm"
                },
                "azurerm_network_security_group.az_cace_dev02mo01_networksecuritygroup01": {
                    "type": "azurerm_network_security_group",
                    "depends_on": [
                        "azurerm_resource_group.az_cace_dev02mo01_resourcegroup01"
                    ],
                    "primary": {
                        "id": "/subscriptions/98da811d-4357-43ca-b15b-44da8fa911dc/resourceGroups/az_cace_dev02mo01_resourcegroup01/providers/Microsoft.Network/networkSecurityGroups/az_cace_dev02mo01_networksecuritygroup01",
                        "attributes": {
                            "id": "/subscriptions/98da811d-4357-43ca-b15b-44da8fa911dc/resourceGroups/az_cace_dev02mo01_resourcegroup01/providers/Microsoft.Network/networkSecurityGroups/az_cace_dev02mo01_networksecuritygroup01",
                            "location": "canadacentral",
                            "name": "az_cace_dev02mo01_networksecuritygroup01",
                            "resource_group_name": "az_cace_dev02mo01_resourcegroup01",
                            "security_rule.#": "2",
                            "security_rule.2090309246.access": "Allow",
                            "security_rule.2090309246.description": "",
                            "security_rule.2090309246.destination_address_prefix": "*",
                            "security_rule.2090309246.destination_address_prefixes.#": "0",
                            "security_rule.2090309246.destination_application_security_group_ids.#": "0",
                            "security_rule.2090309246.destination_port_range": "22",
                            "security_rule.2090309246.destination_port_ranges.#": "0",
                            "security_rule.2090309246.direction": "Inbound",
                            "security_rule.2090309246.name": "SSH",
                            "security_rule.2090309246.priority": "1001",
                            "security_rule.2090309246.protocol": "Tcp",
                            "security_rule.2090309246.source_address_prefix": "*",
                            "security_rule.2090309246.source_address_prefixes.#": "0",
                            "security_rule.2090309246.source_application_security_group_ids.#": "0",
                            "security_rule.2090309246.source_port_range": "*",
                            "security_rule.2090309246.source_port_ranges.#": "0",
                            "security_rule.346376633.access": "Allow",
                            "security_rule.346376633.description": "",
                            "security_rule.346376633.destination_address_prefix": "*",
                            "security_rule.346376633.destination_address_prefixes.#": "0",
                            "security_rule.346376633.destination_application_security_group_ids.#": "0",
                            "security_rule.346376633.destination_port_range": "27017",
                            "security_rule.346376633.destination_port_ranges.#": "0",
                            "security_rule.346376633.direction": "Inbound",
                            "security_rule.346376633.name": "HTTP",
                            "security_rule.346376633.priority": "1002",
                            "security_rule.346376633.protocol": "Tcp",
                            "security_rule.346376633.source_address_prefix": "*",
                            "security_rule.346376633.source_address_prefixes.#": "0",
                            "security_rule.346376633.source_application_security_group_ids.#": "0",
                            "security_rule.346376633.source_port_range": "*",
                            "security_rule.346376633.source_port_ranges.#": "0",
                            "tags.%": "0"
                        },
                        "meta": {},
                        "tainted": false
                    },
                    "deposed": [],
                    "provider": "provider.azurerm"
                },
                "azurerm_public_ip.az_cace_dev02mo01_publicip": {
                    "type": "azurerm_public_ip",
                    "depends_on": [
                        "azurerm_resource_group.az_cace_dev02mo01_resourcegroup01"
                    ],
                    "primary": {
                        "id": "/subscriptions/98da811d-4357-43ca-b15b-44da8fa911dc/resourceGroups/az_cace_dev02mo01_resourcegroup01/providers/Microsoft.Network/publicIPAddresses/az_cace_dev02mo01_publicip.0",
                        "attributes": {
                            "domain_name_label": "dev02mongo0",
                            "fqdn": "dev02mongo0.canadacentral.cloudapp.azure.com",
                            "id": "/subscriptions/98da811d-4357-43ca-b15b-44da8fa911dc/resourceGroups/az_cace_dev02mo01_resourcegroup01/providers/Microsoft.Network/publicIPAddresses/az_cace_dev02mo01_publicip.0",
                            "ip_address": "13.71.185.86",
                            "location": "canadacentral",
                            "name": "az_cace_dev02mo01_publicip.0",
                            "public_ip_address_allocation": "static",
                            "resource_group_name": "az_cace_dev02mo01_resourcegroup01",
                            "sku": "Basic",
                            "tags.%": "0",
                            "zones.#": "0"
                        },
                        "meta": {},
                        "tainted": false
                    },
                    "deposed": [],
                    "provider": "provider.azurerm"
                },
                "azurerm_resource_group.az_cace_dev02mo01_resourcegroup01": {
                    "type": "azurerm_resource_group",
                    "depends_on": [],
                    "primary": {
                        "id": "/subscriptions/98da811d-4357-43ca-b15b-44da8fa911dc/resourceGroups/az_cace_dev02mo01_resourcegroup01",
                        "attributes": {
                            "id": "/subscriptions/98da811d-4357-43ca-b15b-44da8fa911dc/resourceGroups/az_cace_dev02mo01_resourcegroup01",
                            "location": "canadacentral",
                            "name": "az_cace_dev02mo01_resourcegroup01",
                            "tags.%": "0"
                        },
                        "meta": {},
                        "tainted": false
                    },
                    "deposed": [],
                    "provider": "provider.azurerm"
                },
                "azurerm_storage_account.azcacedevtwomo": {
                    "type": "azurerm_storage_account",
                    "depends_on": [
                        "azurerm_resource_group.az_cace_dev02mo01_resourcegroup01"
                    ],
                    "primary": {
                        "id": "/subscriptions/98da811d-4357-43ca-b15b-44da8fa911dc/resourceGroups/az_cace_dev02mo01_resourcegroup01/providers/Microsoft.Storage/storageAccounts/azcacedevtwomo",
                        "attributes": {
                            "access_tier": "",
                            "account_encryption_source": "Microsoft.Storage",
                            "account_kind": "Storage",
                            "account_replication_type": "LRS",
                            "account_tier": "Standard",
                            "account_type": "Standard_LRS",
                            "enable_blob_encryption": "true",
                            "enable_file_encryption": "true",
                            "enable_https_traffic_only": "false",
                            "id": "/subscriptions/98da811d-4357-43ca-b15b-44da8fa911dc/resourceGroups/az_cace_dev02mo01_resourcegroup01/providers/Microsoft.Storage/storageAccounts/azcacedevtwomo",
                            "location": "canadacentral",
                            "name": "azcacedevtwomo",
                            "primary_access_key": "0ZsnwYyvgC6xON9/BzA8mxixi5X3muVH8/lSsuRJmWJwOA6oPs2c/nKjzNF9PWD6P7js+vtLZDKTeUpg4gzwhQ==",
                            "primary_blob_connection_string": "DefaultEndpointsProtocol=https;BlobEndpoint=https://azcacedevtwomo.blob.core.windows.net/;AccountName=azcacedevtwomo;AccountKey=0ZsnwYyvgC6xON9/BzA8mxixi5X3muVH8/lSsuRJmWJwOA6oPs2c/nKjzNF9PWD6P7js+vtLZDKTeUpg4gzwhQ==",
                            "primary_blob_endpoint": "https://azcacedevtwomo.blob.core.windows.net/",
                            "primary_connection_string": "DefaultEndpointsProtocol=https;AccountName=azcacedevtwomo;AccountKey=0ZsnwYyvgC6xON9/BzA8mxixi5X3muVH8/lSsuRJmWJwOA6oPs2c/nKjzNF9PWD6P7js+vtLZDKTeUpg4gzwhQ==;EndpointSuffix=core.windows.net",
                            "primary_file_endpoint": "https://azcacedevtwomo.file.core.windows.net/",
                            "primary_location": "canadacentral",
                            "primary_queue_endpoint": "https://azcacedevtwomo.queue.core.windows.net/",
                            "primary_table_endpoint": "https://azcacedevtwomo.table.core.windows.net/",
                            "resource_group_name": "az_cace_dev02mo01_resourcegroup01",
                            "secondary_access_key": "P/G1S65cjjuPZHzcCQh8MzpqVVhPzQHIq9LBPxR9zKeCvhJrtsNIIIkcGcxjgeTNGVnAzD4mdEDTc/homapdFw==",
                            "secondary_connection_string": "DefaultEndpointsProtocol=https;AccountName=azcacedevtwomo;AccountKey=P/G1S65cjjuPZHzcCQh8MzpqVVhPzQHIq9LBPxR9zKeCvhJrtsNIIIkcGcxjgeTNGVnAzD4mdEDTc/homapdFw==;EndpointSuffix=core.windows.net",
                            "secondary_location": "",
                            "tags.%": "0"
                        },
                        "meta": {
                            "schema_version": "2"
                        },
                        "tainted": false
                    },
                    "deposed": [],
                    "provider": "provider.azurerm"
                },
                "azurerm_subnet.az_cace_dev02mo01_subnet01": {
                    "type": "azurerm_subnet",
                    "depends_on": [
                        "azurerm_resource_group.az_cace_dev02mo01_resourcegroup01",
                        "azurerm_virtual_network.az_cace_dev02mo01_virtualnetwork01"
                    ],
                    "primary": {
                        "id": "/subscriptions/98da811d-4357-43ca-b15b-44da8fa911dc/resourceGroups/az_cace_dev02mo01_resourcegroup01/providers/Microsoft.Network/virtualNetworks/az_cace_dev02mo01_virtualnetwork01/subnets/az_cace_dev02mo01_subnet01",
                        "attributes": {
                            "address_prefix": "10.0.1.0/24",
                            "id": "/subscriptions/98da811d-4357-43ca-b15b-44da8fa911dc/resourceGroups/az_cace_dev02mo01_resourcegroup01/providers/Microsoft.Network/virtualNetworks/az_cace_dev02mo01_virtualnetwork01/subnets/az_cace_dev02mo01_subnet01",
                            "ip_configurations.#": "0",
                            "name": "az_cace_dev02mo01_subnet01",
                            "resource_group_name": "az_cace_dev02mo01_resourcegroup01",
                            "service_endpoints.#": "0",
                            "virtual_network_name": "az_cace_dev02mo01_virtualnetwork01"
                        },
                        "meta": {},
                        "tainted": false
                    },
                    "deposed": [],
                    "provider": "provider.azurerm"
                },
                "azurerm_virtual_machine.az_cace_dev02mo01_vm": {
                    "type": "azurerm_virtual_machine",
                    "depends_on": [
                        "azurerm_availability_set.az_cace_dev02mo01_avset01",
                        "azurerm_network_interface.az_cace_dev02mo01_networkinterface.*",
                        "azurerm_public_ip.az_cace_dev02mo01_publicip.*",
                        "azurerm_resource_group.az_cace_dev02mo01_resourcegroup01",
                        "azurerm_storage_account.azcacedevtwomo"
                    ],
                    "primary": {
                        "id": "/subscriptions/98da811d-4357-43ca-b15b-44da8fa911dc/resourceGroups/az_cace_dev02mo01_resourcegroup01/providers/Microsoft.Compute/virtualMachines/az_cace_dev02mo01_vm.0",
                        "attributes": {
                            "availability_set_id": "/subscriptions/98da811d-4357-43ca-b15b-44da8fa911dc/resourcegroups/az_cace_dev02mo01_resourcegroup01/providers/microsoft.compute/availabilitysets/az_cace_dev02mo01_avset01",
                            "boot_diagnostics.#": "1",
                            "boot_diagnostics.0.enabled": "true",
                            "boot_diagnostics.0.storage_uri": "https://azcacedevtwomo.blob.core.windows.net/",
                            "delete_data_disks_on_termination": "false",
                            "delete_os_disk_on_termination": "false",
                            "id": "/subscriptions/98da811d-4357-43ca-b15b-44da8fa911dc/resourceGroups/az_cace_dev02mo01_resourcegroup01/providers/Microsoft.Compute/virtualMachines/az_cace_dev02mo01_vm.0",
                            "identity.#": "0",
                            "location": "canadacentral",
                            "name": "az_cace_dev02mo01_vm.0",
                            "network_interface_ids.#": "1",
                            "network_interface_ids.0": "/subscriptions/98da811d-4357-43ca-b15b-44da8fa911dc/resourceGroups/az_cace_dev02mo01_resourcegroup01/providers/Microsoft.Network/networkInterfaces/az_cace_dev02mo01_networkinterface.0",
                            "os_profile.#": "1",
                            "os_profile.2404916492.admin_password": "",
                            "os_profile.2404916492.admin_username": "mongoadmin",
                            "os_profile.2404916492.computer_name": "mongobox",
                            "os_profile.2404916492.custom_data": "",
                            "os_profile_linux_config.#": "1",
                            "os_profile_linux_config.2972667452.disable_password_authentication": "false",
                            "os_profile_linux_config.2972667452.ssh_keys.#": "0",
                            "os_profile_secrets.#": "0",
                            "resource_group_name": "az_cace_dev02mo01_resourcegroup01",
                            "storage_data_disk.#": "0",
                            "storage_image_reference.#": "1",
                            "storage_image_reference.3353328279.id": "",
                            "storage_image_reference.3353328279.offer": "CentOS",
                            "storage_image_reference.3353328279.publisher": "OpenLogic",
                            "storage_image_reference.3353328279.sku": "7.3",
                            "storage_image_reference.3353328279.version": "latest",
                            "storage_os_disk.#": "1",
                            "storage_os_disk.0.caching": "ReadWrite",
                            "storage_os_disk.0.create_option": "FromImage",
                            "storage_os_disk.0.disk_size_gb": "30",
                            "storage_os_disk.0.image_uri": "",
                            "storage_os_disk.0.managed_disk_id": "/subscriptions/98da811d-4357-43ca-b15b-44da8fa911dc/resourceGroups/az_cace_dev02mo01_resourcegroup01/providers/Microsoft.Compute/disks/az_cace_dev02mo01_storageosdisk.0",
                            "storage_os_disk.0.managed_disk_type": "Standard_LRS",
                            "storage_os_disk.0.name": "az_cace_dev02mo01_storageosdisk.0",
                            "storage_os_disk.0.os_type": "Linux",
                            "storage_os_disk.0.vhd_uri": "",
                            "tags.%": "0",
                            "vm_size": "Standard_DS1_v2",
                            "zones.#": "0"
                        },
                        "meta": {},
                        "tainted": false
                    },
                    "deposed": [],
                    "provider": "provider.azurerm"
                },
                "azurerm_virtual_network.az_cace_dev02mo01_virtualnetwork01": {
                    "type": "azurerm_virtual_network",
                    "depends_on": [
                        "azurerm_resource_group.az_cace_dev02mo01_resourcegroup01"
                    ],
                    "primary": {
                        "id": "/subscriptions/98da811d-4357-43ca-b15b-44da8fa911dc/resourceGroups/az_cace_dev02mo01_resourcegroup01/providers/Microsoft.Network/virtualNetworks/az_cace_dev02mo01_virtualnetwork01",
                        "attributes": {
                            "address_space.#": "1",
                            "address_space.0": "10.0.0.0/16",
                            "dns_servers.#": "0",
                            "id": "/subscriptions/98da811d-4357-43ca-b15b-44da8fa911dc/resourceGroups/az_cace_dev02mo01_resourcegroup01/providers/Microsoft.Network/virtualNetworks/az_cace_dev02mo01_virtualnetwork01",
                            "location": "canadacentral",
                            "name": "az_cace_dev02mo01_virtualnetwork01",
                            "resource_group_name": "az_cace_dev02mo01_resourcegroup01",
                            "subnet.#": "0",
                            "tags.%": "0"
                        },
                        "meta": {},
                        "tainted": false
                    },
                    "deposed": [],
                    "provider": "provider.azurerm"
                }
            },
            "depends_on": []
        }
    ]
}
